
Microsoft Visual Studio Solution File, Format Version 12.00
# Visual Studio Version 17
VisualStudioVersion = 17.5.33424.131
MinimumVisualStudioVersion = 10.0.40219.1
Project("{9A19103F-16F7-4668-BE54-9A1E7A4F7556}") = "SLRStreamProcessing", "SLRStreamProcessing.csproj", "{415D69B4-E79B-41E4-A880-0CED259029DA}"
EndProject
Project("{9A19103F-16F7-4668-BE54-9A1E7A4F7556}") = "Redis.Stream.ConsoleApp", "..\..\Sample\Redis.Stream.ConsoleApp\Redis.Stream.ConsoleApp.csproj", "{8D6DAA4E-E17D-4398-8BAC-C1DF669B0B2F}"
EndProject
Project("{9A19103F-16F7-4668-BE54-9A1E7A4F7556}") = "Test_RedisStreams", "..\..\test\Test_RedisStreams\Test_RedisStreams.csproj", "{CF42042A-85F4-45A4-9531-0B8ADBD580A8}"
EndProject
Project("{2150E333-8FDC-42A3-9474-1A3956D46DE8}") = "Solution Items", "Solution Items", "{A1FFC99A-1AAD-4EC9-8F85-CBA911E9683A}"
	ProjectSection(SolutionItems) = preProject
		..\..\README.md = ..\..\README.md
	EndProjectSection
EndProject
Global
	GlobalSection(SolutionConfigurationPlatforms) = preSolution
		Debug|Any CPU = Debug|Any CPU
		Release|Any CPU = Release|Any CPU
	EndGlobalSection
	GlobalSection(ProjectConfigurationPlatforms) = postSolution
		{415D69B4-E79B-41E4-A880-0CED259029DA}.Debug|Any CPU.ActiveCfg = Debug|Any CPU
		{415D69B4-E79B-41E4-A880-0CED259029DA}.Debug|Any CPU.Build.0 = Debug|Any CPU
		{415D69B4-E79B-41E4-A880-0CED259029DA}.Release|Any CPU.ActiveCfg = Release|Any CPU
		{415D69B4-E79B-41E4-A880-0CED259029DA}.Release|Any CPU.Build.0 = Release|Any CPU
		{8D6DAA4E-E17D-4398-8BAC-C1DF669B0B2F}.Debug|Any CPU.ActiveCfg = Debug|Any CPU
		{8D6DAA4E-E17D-4398-8BAC-C1DF669B0B2F}.Debug|Any CPU.Build.0 = Debug|Any CPU
		{8D6DAA4E-E17D-4398-8BAC-C1DF669B0B2F}.Release|Any CPU.ActiveCfg = Release|Any CPU
		{8D6DAA4E-E17D-4398-8BAC-C1DF669B0B2F}.Release|Any CPU.Build.0 = Release|Any CPU
		{CF42042A-85F4-45A4-9531-0B8ADBD580A8}.Debug|Any CPU.ActiveCfg = Debug|Any CPU
		{CF42042A-85F4-45A4-9531-0B8ADBD580A8}.Debug|Any CPU.Build.0 = Debug|Any CPU
		{CF42042A-85F4-45A4-9531-0B8ADBD580A8}.Release|Any CPU.ActiveCfg = Release|Any CPU
		{CF42042A-85F4-45A4-9531-0B8ADBD580A8}.Release|Any CPU.Build.0 = Release|Any CPU
	EndGlobalSection
	GlobalSection(SolutionProperties) = preSolution
		HideSolutionNode = FALSE
	EndGlobalSection
	GlobalSection(ExtensibilityGlobals) = postSolution
		SolutionGuid = {16B9E64B-B95B-4561-971F-EFA835169E8F}
	EndGlobalSection
EndGlobal
